
Microsoft Visual Studio Solution File, Format Version 12.00
# Visual Studio 15
VisualStudioVersion = 15.0.28010.2046
MinimumVisualStudioVersion = 10.0.40219.1
Project("{FAE04EC0-301F-11D3-BF4B-00C04F79EFBC}") = "WebCoreTest", "WebCoreTest\WebCoreTest.csproj", "{09D8A404-FD24-46A8-A84A-1FB85ACEDF20}"
EndProject
Global
	GlobalSection(SolutionConfigurationPlatforms) = preSolution
		Debug|Any CPU = Debug|Any CPU
		Release|Any CPU = Release|Any CPU
	EndGlobalSection
	GlobalSection(ProjectConfigurationPlatforms) = postSolution
		{09D8A404-FD24-46A8-A84A-1FB85ACEDF20}.Debug|Any CPU.ActiveCfg = Debug|Any CPU
		{09D8A404-FD24-46A8-A84A-1FB85ACEDF20}.Debug|Any CPU.Build.0 = Debug|Any CPU
		{09D8A404-FD24-46A8-A84A-1FB85ACEDF20}.Release|Any CPU.ActiveCfg = Release|Any CPU
		{09D8A404-FD24-46A8-A84A-1FB85ACEDF20}.Release|Any CPU.Build.0 = Release|Any CPU
	EndGlobalSection
	GlobalSection(SolutionProperties) = preSolution
		HideSolutionNode = FALSE
	EndGlobalSection
	GlobalSection(ExtensibilityGlobals) = postSolution
		SolutionGuid = {8D7BF43B-2EC5-4FF6-AB76-C7F48DAEE52F}
	EndGlobalSection
EndGlobal
